
Microsoft Visual Studio Solution File, Format Version 12.00
# Visual Studio Version 16
VisualStudioVersion = 16.0.29709.97
MinimumVisualStudioVersion = 10.0.40219.1
Project("{9A19103F-16F7-4668-BE54-9A1E7A4F7556}") = "ActorsRazorPages", "ActorsRazorPages\ActorsRazorPages.csproj", "{4FA5D234-1EBF-4D36-976C-440D17FF82DD}"
EndProject
Project("{9A19103F-16F7-4668-BE54-9A1E7A4F7556}") = "CakeStoreApi", "CakeStoreApi\CakeStoreApi.csproj", "{4E4EFE14-12E4-43CC-A5CC-9F3FC325BE75}"
EndProject
Project("{9A19103F-16F7-4668-BE54-9A1E7A4F7556}") = "AnimalMVC", "AnimalMVC\AnimalMVC.csproj", "{12E42406-54E0-4142-884D-4E9AE3757058}"
EndProject
Project("{FAE04EC0-301F-11D3-BF4B-00C04F79EFBC}") = "DesignProject", "DesignProject\DesignProject.csproj", "{B27BCE6D-0265-4ACC-A152-C5EFB10F72E7}"
EndProject
Project("{9A19103F-16F7-4668-BE54-9A1E7A4F7556}") = "TestEmpty", "TestEmpty\TestEmpty.csproj", "{39770D1A-37E1-4220-8C7F-1C3E6743EC2D}"
EndProject
Project("{9A19103F-16F7-4668-BE54-9A1E7A4F7556}") = "TestMVC", "TestMVC\TestMVC.csproj", "{1364CF6E-02A4-4476-9597-3718E03ED11A}"
EndProject
Project("{9A19103F-16F7-4668-BE54-9A1E7A4F7556}") = "PollBall", "PollBall\PollBall.csproj", "{B966D539-C4A4-45F1-ADC5-CA945511393E}"
EndProject
Project("{9A19103F-16F7-4668-BE54-9A1E7A4F7556}") = "WorldJourney", "WorldJourney\WorldJourney.csproj", "{A403F332-5BE8-473A-B59D-62C82FB71B93}"
EndProject
Project("{9A19103F-16F7-4668-BE54-9A1E7A4F7556}") = "CitiesWebsite", "CitiesWebsite\CitiesWebsite.csproj", "{5D011C30-C0B6-4AFC-A58B-8F1AB92F1998}"
EndProject
Project("{9A19103F-16F7-4668-BE54-9A1E7A4F7556}") = "ButterfliesShop", "ButterfliesShop\ButterfliesShop.csproj", "{E13C88B6-B67C-4BEB-B3C1-09269AC479C1}"
EndProject
Project("{9A19103F-16F7-4668-BE54-9A1E7A4F7556}") = "ZooSite", "ZooSite\ZooSite.csproj", "{559A7A49-D088-4E7F-AC00-A0902F34C518}"
EndProject
Project("{9A19103F-16F7-4668-BE54-9A1E7A4F7556}") = "IceCreamCompany", "IceCreamCompany\IceCreamCompany.csproj", "{193520BD-4E2C-4570-8A72-80376FE69B26}"
EndProject
Project("{9A19103F-16F7-4668-BE54-9A1E7A4F7556}") = "ShirtStoreWebsite", "ShirtStoreWebsite\ShirtStoreWebsite.csproj", "{97BF458E-A2AA-4DC3-B620-8ECC5700D793}"
EndProject
Project("{9A19103F-16F7-4668-BE54-9A1E7A4F7556}") = "ShirtStoreWebsite.Tests", "ShirtStoreWebsite.Tests\ShirtStoreWebsite.Tests.csproj", "{1B6BF2D9-9036-4C6E-8E6A-5E4735EA4D33}"
EndProject
Project("{9A19103F-16F7-4668-BE54-9A1E7A4F7556}") = "Library", "Library\Library.csproj", "{F4AADD46-CC16-41D0-A7AA-6E9956FB4484}"
EndProject
Project("{9A19103F-16F7-4668-BE54-9A1E7A4F7556}") = "CrossSiteRequestForgeryAttack", "CrossSiteRequestForgeryAttack\CrossSiteRequestForgeryAttack.csproj", "{1F3D23B2-37FB-4016-B407-93925379A917}"
EndProject
Project("{9A19103F-16F7-4668-BE54-9A1E7A4F7556}") = "ElectricStore", "ElectricStore\ElectricStore.csproj", "{DFDAC957-3831-4FD6-BBE4-818209B7B5AB}"
EndProject
Project("{9A19103F-16F7-4668-BE54-9A1E7A4F7556}") = "Client", "Client\Client.csproj", "{269191C3-4926-4B11-8A48-000E0175DA34}"
EndProject
Project("{9A19103F-16F7-4668-BE54-9A1E7A4F7556}") = "Server", "Server\Server.csproj", "{BB7FC57D-F004-425A-9EEE-2548729CC504}"
EndProject
Global
	GlobalSection(SolutionConfigurationPlatforms) = preSolution
		Debug|Any CPU = Debug|Any CPU
		Release|Any CPU = Release|Any CPU
	EndGlobalSection
	GlobalSection(ProjectConfigurationPlatforms) = postSolution
		{4FA5D234-1EBF-4D36-976C-440D17FF82DD}.Debug|Any CPU.ActiveCfg = Debug|Any CPU
		{4FA5D234-1EBF-4D36-976C-440D17FF82DD}.Debug|Any CPU.Build.0 = Debug|Any CPU
		{4FA5D234-1EBF-4D36-976C-440D17FF82DD}.Release|Any CPU.ActiveCfg = Release|Any CPU
		{4FA5D234-1EBF-4D36-976C-440D17FF82DD}.Release|Any CPU.Build.0 = Release|Any CPU
		{4E4EFE14-12E4-43CC-A5CC-9F3FC325BE75}.Debug|Any CPU.ActiveCfg = Debug|Any CPU
		{4E4EFE14-12E4-43CC-A5CC-9F3FC325BE75}.Debug|Any CPU.Build.0 = Debug|Any CPU
		{4E4EFE14-12E4-43CC-A5CC-9F3FC325BE75}.Release|Any CPU.ActiveCfg = Release|Any CPU
		{4E4EFE14-12E4-43CC-A5CC-9F3FC325BE75}.Release|Any CPU.Build.0 = Release|Any CPU
		{12E42406-54E0-4142-884D-4E9AE3757058}.Debug|Any CPU.ActiveCfg = Debug|Any CPU
		{12E42406-54E0-4142-884D-4E9AE3757058}.Debug|Any CPU.Build.0 = Debug|Any CPU
		{12E42406-54E0-4142-884D-4E9AE3757058}.Release|Any CPU.ActiveCfg = Release|Any CPU
		{12E42406-54E0-4142-884D-4E9AE3757058}.Release|Any CPU.Build.0 = Release|Any CPU
		{B27BCE6D-0265-4ACC-A152-C5EFB10F72E7}.Debug|Any CPU.ActiveCfg = Debug|Any CPU
		{B27BCE6D-0265-4ACC-A152-C5EFB10F72E7}.Debug|Any CPU.Build.0 = Debug|Any CPU
		{B27BCE6D-0265-4ACC-A152-C5EFB10F72E7}.Release|Any CPU.ActiveCfg = Release|Any CPU
		{B27BCE6D-0265-4ACC-A152-C5EFB10F72E7}.Release|Any CPU.Build.0 = Release|Any CPU
		{39770D1A-37E1-4220-8C7F-1C3E6743EC2D}.Debug|Any CPU.ActiveCfg = Debug|Any CPU
		{39770D1A-37E1-4220-8C7F-1C3E6743EC2D}.Debug|Any CPU.Build.0 = Debug|Any CPU
		{39770D1A-37E1-4220-8C7F-1C3E6743EC2D}.Release|Any CPU.ActiveCfg = Release|Any CPU
		{39770D1A-37E1-4220-8C7F-1C3E6743EC2D}.Release|Any CPU.Build.0 = Release|Any CPU
		{1364CF6E-02A4-4476-9597-3718E03ED11A}.Debug|Any CPU.ActiveCfg = Debug|Any CPU
		{1364CF6E-02A4-4476-9597-3718E03ED11A}.Debug|Any CPU.Build.0 = Debug|Any CPU
		{1364CF6E-02A4-4476-9597-3718E03ED11A}.Release|Any CPU.ActiveCfg = Release|Any CPU
		{1364CF6E-02A4-4476-9597-3718E03ED11A}.Release|Any CPU.Build.0 = Release|Any CPU
		{B966D539-C4A4-45F1-ADC5-CA945511393E}.Debug|Any CPU.ActiveCfg = Debug|Any CPU
		{B966D539-C4A4-45F1-ADC5-CA945511393E}.Debug|Any CPU.Build.0 = Debug|Any CPU
		{B966D539-C4A4-45F1-ADC5-CA945511393E}.Release|Any CPU.ActiveCfg = Release|Any CPU
		{B966D539-C4A4-45F1-ADC5-CA945511393E}.Release|Any CPU.Build.0 = Release|Any CPU
		{A403F332-5BE8-473A-B59D-62C82FB71B93}.Debug|Any CPU.ActiveCfg = Debug|Any CPU
		{A403F332-5BE8-473A-B59D-62C82FB71B93}.Debug|Any CPU.Build.0 = Debug|Any CPU
		{A403F332-5BE8-473A-B59D-62C82FB71B93}.Release|Any CPU.ActiveCfg = Release|Any CPU
		{A403F332-5BE8-473A-B59D-62C82FB71B93}.Release|Any CPU.Build.0 = Release|Any CPU
		{5D011C30-C0B6-4AFC-A58B-8F1AB92F1998}.Debug|Any CPU.ActiveCfg = Debug|Any CPU
		{5D011C30-C0B6-4AFC-A58B-8F1AB92F1998}.Debug|Any CPU.Build.0 = Debug|Any CPU
		{5D011C30-C0B6-4AFC-A58B-8F1AB92F1998}.Release|Any CPU.ActiveCfg = Release|Any CPU
		{5D011C30-C0B6-4AFC-A58B-8F1AB92F1998}.Release|Any CPU.Build.0 = Release|Any CPU
		{E13C88B6-B67C-4BEB-B3C1-09269AC479C1}.Debug|Any CPU.ActiveCfg = Debug|Any CPU
		{E13C88B6-B67C-4BEB-B3C1-09269AC479C1}.Debug|Any CPU.Build.0 = Debug|Any CPU
		{E13C88B6-B67C-4BEB-B3C1-09269AC479C1}.Release|Any CPU.ActiveCfg = Release|Any CPU
		{E13C88B6-B67C-4BEB-B3C1-09269AC479C1}.Release|Any CPU.Build.0 = Release|Any CPU
		{559A7A49-D088-4E7F-AC00-A0902F34C518}.Debug|Any CPU.ActiveCfg = Debug|Any CPU
		{559A7A49-D088-4E7F-AC00-A0902F34C518}.Debug|Any CPU.Build.0 = Debug|Any CPU
		{559A7A49-D088-4E7F-AC00-A0902F34C518}.Release|Any CPU.ActiveCfg = Release|Any CPU
		{559A7A49-D088-4E7F-AC00-A0902F34C518}.Release|Any CPU.Build.0 = Release|Any CPU
		{193520BD-4E2C-4570-8A72-80376FE69B26}.Debug|Any CPU.ActiveCfg = Debug|Any CPU
		{193520BD-4E2C-4570-8A72-80376FE69B26}.Debug|Any CPU.Build.0 = Debug|Any CPU
		{193520BD-4E2C-4570-8A72-80376FE69B26}.Release|Any CPU.ActiveCfg = Release|Any CPU
		{193520BD-4E2C-4570-8A72-80376FE69B26}.Release|Any CPU.Build.0 = Release|Any CPU
		{97BF458E-A2AA-4DC3-B620-8ECC5700D793}.Debug|Any CPU.ActiveCfg = Debug|Any CPU
		{97BF458E-A2AA-4DC3-B620-8ECC5700D793}.Debug|Any CPU.Build.0 = Debug|Any CPU
		{97BF458E-A2AA-4DC3-B620-8ECC5700D793}.Release|Any CPU.ActiveCfg = Release|Any CPU
		{97BF458E-A2AA-4DC3-B620-8ECC5700D793}.Release|Any CPU.Build.0 = Release|Any CPU
		{1B6BF2D9-9036-4C6E-8E6A-5E4735EA4D33}.Debug|Any CPU.ActiveCfg = Debug|Any CPU
		{1B6BF2D9-9036-4C6E-8E6A-5E4735EA4D33}.Debug|Any CPU.Build.0 = Debug|Any CPU
		{1B6BF2D9-9036-4C6E-8E6A-5E4735EA4D33}.Release|Any CPU.ActiveCfg = Release|Any CPU
		{1B6BF2D9-9036-4C6E-8E6A-5E4735EA4D33}.Release|Any CPU.Build.0 = Release|Any CPU
		{F4AADD46-CC16-41D0-A7AA-6E9956FB4484}.Debug|Any CPU.ActiveCfg = Debug|Any CPU
		{F4AADD46-CC16-41D0-A7AA-6E9956FB4484}.Debug|Any CPU.Build.0 = Debug|Any CPU
		{F4AADD46-CC16-41D0-A7AA-6E9956FB4484}.Release|Any CPU.ActiveCfg = Release|Any CPU
		{F4AADD46-CC16-41D0-A7AA-6E9956FB4484}.Release|Any CPU.Build.0 = Release|Any CPU
		{1F3D23B2-37FB-4016-B407-93925379A917}.Debug|Any CPU.ActiveCfg = Debug|Any CPU
		{1F3D23B2-37FB-4016-B407-93925379A917}.Debug|Any CPU.Build.0 = Debug|Any CPU
		{1F3D23B2-37FB-4016-B407-93925379A917}.Release|Any CPU.ActiveCfg = Release|Any CPU
		{1F3D23B2-37FB-4016-B407-93925379A917}.Release|Any CPU.Build.0 = Release|Any CPU
		{DFDAC957-3831-4FD6-BBE4-818209B7B5AB}.Debug|Any CPU.ActiveCfg = Debug|Any CPU
		{DFDAC957-3831-4FD6-BBE4-818209B7B5AB}.Debug|Any CPU.Build.0 = Debug|Any CPU
		{DFDAC957-3831-4FD6-BBE4-818209B7B5AB}.Release|Any CPU.ActiveCfg = Release|Any CPU
		{DFDAC957-3831-4FD6-BBE4-818209B7B5AB}.Release|Any CPU.Build.0 = Release|Any CPU
		{269191C3-4926-4B11-8A48-000E0175DA34}.Debug|Any CPU.ActiveCfg = Debug|Any CPU
		{269191C3-4926-4B11-8A48-000E0175DA34}.Debug|Any CPU.Build.0 = Debug|Any CPU
		{269191C3-4926-4B11-8A48-000E0175DA34}.Release|Any CPU.ActiveCfg = Release|Any CPU
		{269191C3-4926-4B11-8A48-000E0175DA34}.Release|Any CPU.Build.0 = Release|Any CPU
		{BB7FC57D-F004-425A-9EEE-2548729CC504}.Debug|Any CPU.ActiveCfg = Debug|Any CPU
		{BB7FC57D-F004-425A-9EEE-2548729CC504}.Debug|Any CPU.Build.0 = Debug|Any CPU
		{BB7FC57D-F004-425A-9EEE-2548729CC504}.Release|Any CPU.ActiveCfg = Release|Any CPU
		{BB7FC57D-F004-425A-9EEE-2548729CC504}.Release|Any CPU.Build.0 = Release|Any CPU
	EndGlobalSection
	GlobalSection(SolutionProperties) = preSolution
		HideSolutionNode = FALSE
	EndGlobalSection
	GlobalSection(ExtensibilityGlobals) = postSolution
		SolutionGuid = {B10719E3-7022-4260-A087-8B791CDA2E78}
	EndGlobalSection
EndGlobal
