
Microsoft Visual Studio Solution File, Format Version 12.00
# Visual Studio Version 16
VisualStudioVersion = 16.0.29709.97
MinimumVisualStudioVersion = 10.0.40219.1
Project("{9A19103F-16F7-4668-BE54-9A1E7A4F7556}") = "ActorsRazorPages", "ActorsRazorPages\ActorsRazorPages.csproj", "{4FA5D234-1EBF-4D36-976C-440D17FF82DD}"
EndProject
Project("{9A19103F-16F7-4668-BE54-9A1E7A4F7556}") = "CakeStoreApi", "CakeStoreApi\CakeStoreApi.csproj", "{4E4EFE14-12E4-43CC-A5CC-9F3FC325BE75}"
EndProject
Project("{9A19103F-16F7-4668-BE54-9A1E7A4F7556}") = "AnimalMVC", "AnimalMVC\AnimalMVC.csproj", "{12E42406-54E0-4142-884D-4E9AE3757058}"
EndProject
Project("{FAE04EC0-301F-11D3-BF4B-00C04F79EFBC}") = "DesignProject", "DesignProject\DesignProject.csproj", "{B27BCE6D-0265-4ACC-A152-C5EFB10F72E7}"
EndProject
Project("{9A19103F-16F7-4668-BE54-9A1E7A4F7556}") = "TestEmpty", "TestEmpty\TestEmpty.csproj", "{39770D1A-37E1-4220-8C7F-1C3E6743EC2D}"
EndProject
Project("{9A19103F-16F7-4668-BE54-9A1E7A4F7556}") = "TestMVC", "TestMVC\TestMVC.csproj", "{1364CF6E-02A4-4476-9597-3718E03ED11A}"
EndProject
Project("{9A19103F-16F7-4668-BE54-9A1E7A4F7556}") = "PollBall", "PollBall\PollBall.csproj", "{B966D539-C4A4-45F1-ADC5-CA945511393E}"
EndProject
Project("{9A19103F-16F7-4668-BE54-9A1E7A4F7556}") = "WorldJourney", "WorldJourney\WorldJourney.csproj", "{A403F332-5BE8-473A-B59D-62C82FB71B93}"
EndProject
Project("{9A19103F-16F7-4668-BE54-9A1E7A4F7556}") = "CitiesWebsite", "..\..\..\..\..\Vonny\20486D-DevelopingASPNETMVCWebApplications-master\Allfiles\Mod05\Labfiles\01_CitiesWebsite_begin\CitiesWebsite\CitiesWebsite.csproj", "{78AEE47F-7F2A-46C4-80E8-3C8E2B174602}"
EndProject
Global
	GlobalSection(SolutionConfigurationPlatforms) = preSolution
		Debug|Any CPU = Debug|Any CPU
		Release|Any CPU = Release|Any CPU
	EndGlobalSection
	GlobalSection(ProjectConfigurationPlatforms) = postSolution
		{4FA5D234-1EBF-4D36-976C-440D17FF82DD}.Debug|Any CPU.ActiveCfg = Debug|Any CPU
		{4FA5D234-1EBF-4D36-976C-440D17FF82DD}.Debug|Any CPU.Build.0 = Debug|Any CPU
		{4FA5D234-1EBF-4D36-976C-440D17FF82DD}.Release|Any CPU.ActiveCfg = Release|Any CPU
		{4FA5D234-1EBF-4D36-976C-440D17FF82DD}.Release|Any CPU.Build.0 = Release|Any CPU
		{4E4EFE14-12E4-43CC-A5CC-9F3FC325BE75}.Debug|Any CPU.ActiveCfg = Debug|Any CPU
		{4E4EFE14-12E4-43CC-A5CC-9F3FC325BE75}.Debug|Any CPU.Build.0 = Debug|Any CPU
		{4E4EFE14-12E4-43CC-A5CC-9F3FC325BE75}.Release|Any CPU.ActiveCfg = Release|Any CPU
		{4E4EFE14-12E4-43CC-A5CC-9F3FC325BE75}.Release|Any CPU.Build.0 = Release|Any CPU
		{12E42406-54E0-4142-884D-4E9AE3757058}.Debug|Any CPU.ActiveCfg = Debug|Any CPU
		{12E42406-54E0-4142-884D-4E9AE3757058}.Debug|Any CPU.Build.0 = Debug|Any CPU
		{12E42406-54E0-4142-884D-4E9AE3757058}.Release|Any CPU.ActiveCfg = Release|Any CPU
		{12E42406-54E0-4142-884D-4E9AE3757058}.Release|Any CPU.Build.0 = Release|Any CPU
		{B27BCE6D-0265-4ACC-A152-C5EFB10F72E7}.Debug|Any CPU.ActiveCfg = Debug|Any CPU
		{B27BCE6D-0265-4ACC-A152-C5EFB10F72E7}.Debug|Any CPU.Build.0 = Debug|Any CPU
		{B27BCE6D-0265-4ACC-A152-C5EFB10F72E7}.Release|Any CPU.ActiveCfg = Release|Any CPU
		{B27BCE6D-0265-4ACC-A152-C5EFB10F72E7}.Release|Any CPU.Build.0 = Release|Any CPU
		{39770D1A-37E1-4220-8C7F-1C3E6743EC2D}.Debug|Any CPU.ActiveCfg = Debug|Any CPU
		{39770D1A-37E1-4220-8C7F-1C3E6743EC2D}.Debug|Any CPU.Build.0 = Debug|Any CPU
		{39770D1A-37E1-4220-8C7F-1C3E6743EC2D}.Release|Any CPU.ActiveCfg = Release|Any CPU
		{39770D1A-37E1-4220-8C7F-1C3E6743EC2D}.Release|Any CPU.Build.0 = Release|Any CPU
		{1364CF6E-02A4-4476-9597-3718E03ED11A}.Debug|Any CPU.ActiveCfg = Debug|Any CPU
		{1364CF6E-02A4-4476-9597-3718E03ED11A}.Debug|Any CPU.Build.0 = Debug|Any CPU
		{1364CF6E-02A4-4476-9597-3718E03ED11A}.Release|Any CPU.ActiveCfg = Release|Any CPU
		{1364CF6E-02A4-4476-9597-3718E03ED11A}.Release|Any CPU.Build.0 = Release|Any CPU
		{B966D539-C4A4-45F1-ADC5-CA945511393E}.Debug|Any CPU.ActiveCfg = Debug|Any CPU
		{B966D539-C4A4-45F1-ADC5-CA945511393E}.Debug|Any CPU.Build.0 = Debug|Any CPU
		{B966D539-C4A4-45F1-ADC5-CA945511393E}.Release|Any CPU.ActiveCfg = Release|Any CPU
		{B966D539-C4A4-45F1-ADC5-CA945511393E}.Release|Any CPU.Build.0 = Release|Any CPU
		{A403F332-5BE8-473A-B59D-62C82FB71B93}.Debug|Any CPU.ActiveCfg = Debug|Any CPU
		{A403F332-5BE8-473A-B59D-62C82FB71B93}.Debug|Any CPU.Build.0 = Debug|Any CPU
		{A403F332-5BE8-473A-B59D-62C82FB71B93}.Release|Any CPU.ActiveCfg = Release|Any CPU
		{A403F332-5BE8-473A-B59D-62C82FB71B93}.Release|Any CPU.Build.0 = Release|Any CPU
		{78AEE47F-7F2A-46C4-80E8-3C8E2B174602}.Debug|Any CPU.ActiveCfg = Debug|Any CPU
		{78AEE47F-7F2A-46C4-80E8-3C8E2B174602}.Debug|Any CPU.Build.0 = Debug|Any CPU
		{78AEE47F-7F2A-46C4-80E8-3C8E2B174602}.Release|Any CPU.ActiveCfg = Release|Any CPU
		{78AEE47F-7F2A-46C4-80E8-3C8E2B174602}.Release|Any CPU.Build.0 = Release|Any CPU
	EndGlobalSection
	GlobalSection(SolutionProperties) = preSolution
		HideSolutionNode = FALSE
	EndGlobalSection
	GlobalSection(ExtensibilityGlobals) = postSolution
		SolutionGuid = {B10719E3-7022-4260-A087-8B791CDA2E78}
	EndGlobalSection
EndGlobal
